
Microsoft Visual Studio Solution File, Format Version 12.00
# Visual Studio 14
VisualStudioVersion = 14.0.25420.1
MinimumVisualStudioVersion = 10.0.40219.1
Project("{FAE04EC0-301F-11D3-BF4B-00C04F79EFBC}") = "System.Web.JsonConfiguration", "System.Web.JsonConfiguration\System.Web.JsonConfiguration.csproj", "{AE61F3D7-E8F2-4198-A4C1-8088BCFDC6E2}"
EndProject
Project("{FAE04EC0-301F-11D3-BF4B-00C04F79EFBC}") = "ApiDemo", "ApiDemo\ApiDemo.csproj", "{AB5D8346-91A5-42CD-B29F-3BB206C23894}"
EndProject
Global
	GlobalSection(SolutionConfigurationPlatforms) = preSolution
		Debug|Any CPU = Debug|Any CPU
		Release|Any CPU = Release|Any CPU
	EndGlobalSection
	GlobalSection(ProjectConfigurationPlatforms) = postSolution
		{AE61F3D7-E8F2-4198-A4C1-8088BCFDC6E2}.Debug|Any CPU.ActiveCfg = Debug|Any CPU
		{AE61F3D7-E8F2-4198-A4C1-8088BCFDC6E2}.Debug|Any CPU.Build.0 = Debug|Any CPU
		{AE61F3D7-E8F2-4198-A4C1-8088BCFDC6E2}.Release|Any CPU.ActiveCfg = Release|Any CPU
		{AE61F3D7-E8F2-4198-A4C1-8088BCFDC6E2}.Release|Any CPU.Build.0 = Release|Any CPU
		{AB5D8346-91A5-42CD-B29F-3BB206C23894}.Debug|Any CPU.ActiveCfg = Debug|Any CPU
		{AB5D8346-91A5-42CD-B29F-3BB206C23894}.Debug|Any CPU.Build.0 = Debug|Any CPU
		{AB5D8346-91A5-42CD-B29F-3BB206C23894}.Release|Any CPU.ActiveCfg = Release|Any CPU
		{AB5D8346-91A5-42CD-B29F-3BB206C23894}.Release|Any CPU.Build.0 = Release|Any CPU
	EndGlobalSection
	GlobalSection(SolutionProperties) = preSolution
		HideSolutionNode = FALSE
	EndGlobalSection
EndGlobal
